# THIS IS AN AUTOGENERATED FILE. DO NOT EDIT THIS FILE DIRECTLY.
# yarn lockfile v1


use-media@^1.4.0:
  version "1.4.0"
  resolved "https://registry.yarnpkg.com/use-media/-/use-media-1.4.0.tgz#e777bf1f382a7aacabbd1f9ce3da2b62e58b2a98"
  integrity sha512-XsgyUAf3nhzZmEfhc5MqLHwyaPjs78bgytpVJ/xDl0TF4Bptf3vEpBNBBT/EIKOmsOc8UbuECq3mrP3mt1QANA==
